
Microsoft Visual Studio Solution File, Format Version 12.00
# Visual Studio Version 17
VisualStudioVersion = 17.4.33110.190
MinimumVisualStudioVersion = 10.0.40219.1
Project("{2150E333-8FDC-42A3-9474-1A3956D46DE8}") = "Task0", "Task0", "{1B3B9CE6-D5E5-44AC-B8EF-08A1215865E7}"
EndProject
Project("{FAE04EC0-301F-11D3-BF4B-00C04F79EFBC}") = "Tyuiu.MautalievSI.Sprint0.Task0.V0", "Tyuiu.MautalievSI.Sprint0.Task0.V0\Tyuiu.MautalievSI.Sprint0.Task0.V0.csproj", "{47EA9A37-6C84-4A9C-BABF-62F47B270275}"
EndProject
Project("{2150E333-8FDC-42A3-9474-1A3956D46DE8}") = "Task1", "Task1", "{7F1665D4-2511-41D2-BBB3-BA891C9FA3CB}"
EndProject
Project("{FAE04EC0-301F-11D3-BF4B-00C04F79EFBC}") = "Tyuiu.MautalievSI.Sprint0.Task1.V0", "Tyuiu.MautalievSI.Sprint0.Task1.V0\Tyuiu.MautalievSI.Sprint0.Task1.V0.csproj", "{9256E4B5-B4B7-4A99-AF54-B4129D7F7303}"
EndProject
Project("{2150E333-8FDC-42A3-9474-1A3956D46DE8}") = "Task2", "Task2", "{BD13876F-22C1-4B29-92BC-935EA652ED6B}"
EndProject
Project("{FAE04EC0-301F-11D3-BF4B-00C04F79EFBC}") = "Tyuiu.MautalievSI.Sprint0.Task2.V0", "Tyuiu.MautalievSI.Sprint0.Task2.V0\Tyuiu.MautalievSI.Sprint0.Task2.V0.csproj", "{06FBE3EA-8329-4CA1-A14C-5332FC7A750F}"
EndProject
Project("{FAE04EC0-301F-11D3-BF4B-00C04F79EFBC}") = "Tyuiu.MautalievSI.Sprint0.Task2.V0.Lib", "Tyuiu.MautalievSI.Sprint0.Task2.V0.Lib\Tyuiu.MautalievSI.Sprint0.Task2.V0.Lib.csproj", "{4CB61CC4-2CAA-467A-9ED0-8AA2D8E96938}"
EndProject
Project("{FAE04EC0-301F-11D3-BF4B-00C04F79EFBC}") = "Tyuiu.MautalievSI.Sprint0.Task2.V0.Test", "Tyuiu.MautalievSI.Sprint0.Task2.V0.Test\Tyuiu.MautalievSI.Sprint0.Task2.V0.Test.csproj", "{F65D199F-EF2B-4817-B7CD-5EB51E2653E7}"
EndProject
Project("{2150E333-8FDC-42A3-9474-1A3956D46DE8}") = "Task3", "Task3", "{14AA6A3F-2FBF-4066-903F-0C22C150FFE8}"
EndProject
Project("{FAE04EC0-301F-11D3-BF4B-00C04F79EFBC}") = "Tyuiu.MautalievSI.Sprint0.Task3.V0", "Tyuiu.MautalievSI.Sprint0.Task3.V0\Tyuiu.MautalievSI.Sprint0.Task3.V0.csproj", "{B7959966-6410-4C46-AA52-2FDEE0F8BFF7}"
EndProject
Project("{FAE04EC0-301F-11D3-BF4B-00C04F79EFBC}") = "Tyuiu.MautalievSI.Sprint0.Task3.V0.Lib", "Tyuiu.MautalievSI.Sprint0.Task3.V0.Lib\Tyuiu.MautalievSI.Sprint0.Task3.V0.Lib.csproj", "{51BFC345-F51E-424C-A35D-AB64F8587F7D}"
EndProject
Project("{FAE04EC0-301F-11D3-BF4B-00C04F79EFBC}") = "Tyuiu.MautalievSI.Sprint0.Task3.V0.Test", "Tyuiu.MautalievSI.Sprint0.Task3.V0.Test\Tyuiu.MautalievSI.Sprint0.Task3.V0.Test.csproj", "{8AF42183-4399-4F0F-BF7E-A5C8312BB2D0}"
EndProject
Project("{2150E333-8FDC-42A3-9474-1A3956D46DE8}") = "Task4", "Task4", "{BBA809A7-5C6A-4CB0-8C09-D2CC45906A43}"
EndProject
Project("{FAE04EC0-301F-11D3-BF4B-00C04F79EFBC}") = "Tyuiu.MautalievSI.Sprint0.Task4.V0", "Tyuiu.MautalievSI.Sprint0.Task4.V0\Tyuiu.MautalievSI.Sprint0.Task4.V0.csproj", "{BC66701F-549E-423C-A170-E03CB7C5FCBA}"
EndProject
Project("{FAE04EC0-301F-11D3-BF4B-00C04F79EFBC}") = "Tyuiu.MautalievSI.Sprint0.Task4.V0.Lib", "Tyuiu.MautalievSI.Sprint0.Task4.V0.Lib\Tyuiu.MautalievSI.Sprint0.Task4.V0.Lib.csproj", "{A5ABBC9C-76BD-482A-A3B4-DEC5DBF63DDA}"
EndProject
Project("{FAE04EC0-301F-11D3-BF4B-00C04F79EFBC}") = "Tyuiu.MautalievSI.Sprint0.Task4.V0.Test", "Tyuiu.MautalievSI.Sprint0.Task4.V0.Test\Tyuiu.MautalievSI.Sprint0.Task4.V0.Test.csproj", "{7DE15758-0589-4DCB-8160-4BC4AD21EA6D}"
EndProject
Project("{2150E333-8FDC-42A3-9474-1A3956D46DE8}") = "Task5", "Task5", "{24D9A949-7FF0-4EE3-8DAB-F925C2844080}"
EndProject
Project("{FAE04EC0-301F-11D3-BF4B-00C04F79EFBC}") = "Tyuiu.MautalievSI.Sprint0.Task5.V0", "Tyuiu.MautalievSI.Sprint0.Task5.V0\Tyuiu.MautalievSI.Sprint0.Task5.V0.csproj", "{D9BC7EB8-1420-4A12-B432-44B7C4593F17}"
EndProject
Project("{FAE04EC0-301F-11D3-BF4B-00C04F79EFBC}") = "Tyuiu.MautalievSI.Sprint0.Task5.V0.Lib", "Tyuiu.MautalievSI.Sprint0.Task5.V0.Lib\Tyuiu.MautalievSI.Sprint0.Task5.V0.Lib.csproj", "{A56DA91A-E4F1-4A72-ADD2-731390E5D98A}"
EndProject
Project("{FAE04EC0-301F-11D3-BF4B-00C04F79EFBC}") = "Tyuiu.MautalievSI.Sprint0.Task5.V0.Test", "Tyuiu.MautalievSI.Sprint0.Task5.V0.Test\Tyuiu.MautalievSI.Sprint0.Task5.V0.Test.csproj", "{0E506C3F-95D8-46FD-8B56-06DC93A21682}"
EndProject
Project("{2150E333-8FDC-42A3-9474-1A3956D46DE8}") = "Task6", "Task6", "{BD6FBE38-B56E-4086-A6C0-CDF1DB60AEF4}"
EndProject
Project("{FAE04EC0-301F-11D3-BF4B-00C04F79EFBC}") = "Tyuiu.MautalievSI.Sprint0.Task6.V0", "Tyuiu.MautalievSI.Sprint0.Task6.V0\Tyuiu.MautalievSI.Sprint0.Task6.V0.csproj", "{5BB9163B-DA1F-4A64-B8DB-2AED30988615}"
EndProject
Project("{FAE04EC0-301F-11D3-BF4B-00C04F79EFBC}") = "Tyuiu.MautalievSI.Sprint0.Task6.V0.Lib", "Tyuiu.MautalievSI.Sprint0.Task6.V0.Lib\Tyuiu.MautalievSI.Sprint0.Task6.V0.Lib.csproj", "{1E4ACE40-F0BD-49FD-914D-DCDF4A6E849B}"
EndProject
Project("{FAE04EC0-301F-11D3-BF4B-00C04F79EFBC}") = "Tyuiu.MautalievSI.Sprint0.Task6.V0.Test", "Tyuiu.MautalievSI.Sprint0.Task6.V0.Test\Tyuiu.MautalievSI.Sprint0.Task6.V0.Test.csproj", "{8C916D7D-A1A6-42F5-B381-C5D7A34EBB83}"
EndProject
Project("{2150E333-8FDC-42A3-9474-1A3956D46DE8}") = "Task7", "Task7", "{20B3F69C-E48C-4E69-8F47-A331D58B19A2}"
EndProject
Project("{FAE04EC0-301F-11D3-BF4B-00C04F79EFBC}") = "Tyuiu.MautalievSI.Sprint0.Task7.V0.Test", "Tyuiu.MautalievSI.Sprint0.Task7.V0.Test\Tyuiu.MautalievSI.Sprint0.Task7.V0.Test.csproj", "{B11566EB-0678-4053-9488-9CE9EDE493A6}"
EndProject
Project("{FAE04EC0-301F-11D3-BF4B-00C04F79EFBC}") = "Tyuiu.MautalievSI.Sprint0.Task7.V0.Lib", "Tyuiu.MautalievSI.Sprint0.Task7.V0.Lib\Tyuiu.MautalievSI.Sprint0.Task7.V0.Lib.csproj", "{B9BD2198-2351-4C8D-8008-F43F5E1F9A0D}"
EndProject
Project("{FAE04EC0-301F-11D3-BF4B-00C04F79EFBC}") = "Tyuiu.MautalievSI.Sprint0.Task7.V0", "Tyuiu.MautalievSI.Sprint0.Task7.V0\Tyuiu.MautalievSI.Sprint0.Task7.V0.csproj", "{571B2505-6F5B-487C-84B8-FA81F440A0FD}"
EndProject
Global
	GlobalSection(SolutionConfigurationPlatforms) = preSolution
		Debug|Any CPU = Debug|Any CPU
		Release|Any CPU = Release|Any CPU
	EndGlobalSection
	GlobalSection(ProjectConfigurationPlatforms) = postSolution
		{47EA9A37-6C84-4A9C-BABF-62F47B270275}.Debug|Any CPU.ActiveCfg = Debug|Any CPU
		{47EA9A37-6C84-4A9C-BABF-62F47B270275}.Debug|Any CPU.Build.0 = Debug|Any CPU
		{47EA9A37-6C84-4A9C-BABF-62F47B270275}.Release|Any CPU.ActiveCfg = Release|Any CPU
		{47EA9A37-6C84-4A9C-BABF-62F47B270275}.Release|Any CPU.Build.0 = Release|Any CPU
		{9256E4B5-B4B7-4A99-AF54-B4129D7F7303}.Debug|Any CPU.ActiveCfg = Debug|Any CPU
		{9256E4B5-B4B7-4A99-AF54-B4129D7F7303}.Debug|Any CPU.Build.0 = Debug|Any CPU
		{9256E4B5-B4B7-4A99-AF54-B4129D7F7303}.Release|Any CPU.ActiveCfg = Release|Any CPU
		{9256E4B5-B4B7-4A99-AF54-B4129D7F7303}.Release|Any CPU.Build.0 = Release|Any CPU
		{06FBE3EA-8329-4CA1-A14C-5332FC7A750F}.Debug|Any CPU.ActiveCfg = Debug|Any CPU
		{06FBE3EA-8329-4CA1-A14C-5332FC7A750F}.Debug|Any CPU.Build.0 = Debug|Any CPU
		{06FBE3EA-8329-4CA1-A14C-5332FC7A750F}.Release|Any CPU.ActiveCfg = Release|Any CPU
		{06FBE3EA-8329-4CA1-A14C-5332FC7A750F}.Release|Any CPU.Build.0 = Release|Any CPU
		{4CB61CC4-2CAA-467A-9ED0-8AA2D8E96938}.Debug|Any CPU.ActiveCfg = Debug|Any CPU
		{4CB61CC4-2CAA-467A-9ED0-8AA2D8E96938}.Debug|Any CPU.Build.0 = Debug|Any CPU
		{4CB61CC4-2CAA-467A-9ED0-8AA2D8E96938}.Release|Any CPU.ActiveCfg = Release|Any CPU
		{4CB61CC4-2CAA-467A-9ED0-8AA2D8E96938}.Release|Any CPU.Build.0 = Release|Any CPU
		{F65D199F-EF2B-4817-B7CD-5EB51E2653E7}.Debug|Any CPU.ActiveCfg = Debug|Any CPU
		{F65D199F-EF2B-4817-B7CD-5EB51E2653E7}.Debug|Any CPU.Build.0 = Debug|Any CPU
		{F65D199F-EF2B-4817-B7CD-5EB51E2653E7}.Release|Any CPU.ActiveCfg = Release|Any CPU
		{F65D199F-EF2B-4817-B7CD-5EB51E2653E7}.Release|Any CPU.Build.0 = Release|Any CPU
		{B7959966-6410-4C46-AA52-2FDEE0F8BFF7}.Debug|Any CPU.ActiveCfg = Debug|Any CPU
		{B7959966-6410-4C46-AA52-2FDEE0F8BFF7}.Debug|Any CPU.Build.0 = Debug|Any CPU
		{B7959966-6410-4C46-AA52-2FDEE0F8BFF7}.Release|Any CPU.ActiveCfg = Release|Any CPU
		{B7959966-6410-4C46-AA52-2FDEE0F8BFF7}.Release|Any CPU.Build.0 = Release|Any CPU
		{51BFC345-F51E-424C-A35D-AB64F8587F7D}.Debug|Any CPU.ActiveCfg = Debug|Any CPU
		{51BFC345-F51E-424C-A35D-AB64F8587F7D}.Debug|Any CPU.Build.0 = Debug|Any CPU
		{51BFC345-F51E-424C-A35D-AB64F8587F7D}.Release|Any CPU.ActiveCfg = Release|Any CPU
		{51BFC345-F51E-424C-A35D-AB64F8587F7D}.Release|Any CPU.Build.0 = Release|Any CPU
		{8AF42183-4399-4F0F-BF7E-A5C8312BB2D0}.Debug|Any CPU.ActiveCfg = Debug|Any CPU
		{8AF42183-4399-4F0F-BF7E-A5C8312BB2D0}.Debug|Any CPU.Build.0 = Debug|Any CPU
		{8AF42183-4399-4F0F-BF7E-A5C8312BB2D0}.Release|Any CPU.ActiveCfg = Release|Any CPU
		{8AF42183-4399-4F0F-BF7E-A5C8312BB2D0}.Release|Any CPU.Build.0 = Release|Any CPU
		{BC66701F-549E-423C-A170-E03CB7C5FCBA}.Debug|Any CPU.ActiveCfg = Debug|Any CPU
		{BC66701F-549E-423C-A170-E03CB7C5FCBA}.Debug|Any CPU.Build.0 = Debug|Any CPU
		{BC66701F-549E-423C-A170-E03CB7C5FCBA}.Release|Any CPU.ActiveCfg = Release|Any CPU
		{BC66701F-549E-423C-A170-E03CB7C5FCBA}.Release|Any CPU.Build.0 = Release|Any CPU
		{A5ABBC9C-76BD-482A-A3B4-DEC5DBF63DDA}.Debug|Any CPU.ActiveCfg = Debug|Any CPU
		{A5ABBC9C-76BD-482A-A3B4-DEC5DBF63DDA}.Debug|Any CPU.Build.0 = Debug|Any CPU
		{A5ABBC9C-76BD-482A-A3B4-DEC5DBF63DDA}.Release|Any CPU.ActiveCfg = Release|Any CPU
		{A5ABBC9C-76BD-482A-A3B4-DEC5DBF63DDA}.Release|Any CPU.Build.0 = Release|Any CPU
		{7DE15758-0589-4DCB-8160-4BC4AD21EA6D}.Debug|Any CPU.ActiveCfg = Debug|Any CPU
		{7DE15758-0589-4DCB-8160-4BC4AD21EA6D}.Debug|Any CPU.Build.0 = Debug|Any CPU
		{7DE15758-0589-4DCB-8160-4BC4AD21EA6D}.Release|Any CPU.ActiveCfg = Release|Any CPU
		{7DE15758-0589-4DCB-8160-4BC4AD21EA6D}.Release|Any CPU.Build.0 = Release|Any CPU
		{D9BC7EB8-1420-4A12-B432-44B7C4593F17}.Debug|Any CPU.ActiveCfg = Debug|Any CPU
		{D9BC7EB8-1420-4A12-B432-44B7C4593F17}.Debug|Any CPU.Build.0 = Debug|Any CPU
		{D9BC7EB8-1420-4A12-B432-44B7C4593F17}.Release|Any CPU.ActiveCfg = Release|Any CPU
		{D9BC7EB8-1420-4A12-B432-44B7C4593F17}.Release|Any CPU.Build.0 = Release|Any CPU
		{A56DA91A-E4F1-4A72-ADD2-731390E5D98A}.Debug|Any CPU.ActiveCfg = Debug|Any CPU
		{A56DA91A-E4F1-4A72-ADD2-731390E5D98A}.Debug|Any CPU.Build.0 = Debug|Any CPU
		{A56DA91A-E4F1-4A72-ADD2-731390E5D98A}.Release|Any CPU.ActiveCfg = Release|Any CPU
		{A56DA91A-E4F1-4A72-ADD2-731390E5D98A}.Release|Any CPU.Build.0 = Release|Any CPU
		{0E506C3F-95D8-46FD-8B56-06DC93A21682}.Debug|Any CPU.ActiveCfg = Debug|Any CPU
		{0E506C3F-95D8-46FD-8B56-06DC93A21682}.Debug|Any CPU.Build.0 = Debug|Any CPU
		{0E506C3F-95D8-46FD-8B56-06DC93A21682}.Release|Any CPU.ActiveCfg = Release|Any CPU
		{0E506C3F-95D8-46FD-8B56-06DC93A21682}.Release|Any CPU.Build.0 = Release|Any CPU
		{5BB9163B-DA1F-4A64-B8DB-2AED30988615}.Debug|Any CPU.ActiveCfg = Debug|Any CPU
		{5BB9163B-DA1F-4A64-B8DB-2AED30988615}.Debug|Any CPU.Build.0 = Debug|Any CPU
		{5BB9163B-DA1F-4A64-B8DB-2AED30988615}.Release|Any CPU.ActiveCfg = Release|Any CPU
		{5BB9163B-DA1F-4A64-B8DB-2AED30988615}.Release|Any CPU.Build.0 = Release|Any CPU
		{1E4ACE40-F0BD-49FD-914D-DCDF4A6E849B}.Debug|Any CPU.ActiveCfg = Debug|Any CPU
		{1E4ACE40-F0BD-49FD-914D-DCDF4A6E849B}.Debug|Any CPU.Build.0 = Debug|Any CPU
		{1E4ACE40-F0BD-49FD-914D-DCDF4A6E849B}.Release|Any CPU.ActiveCfg = Release|Any CPU
		{1E4ACE40-F0BD-49FD-914D-DCDF4A6E849B}.Release|Any CPU.Build.0 = Release|Any CPU
		{8C916D7D-A1A6-42F5-B381-C5D7A34EBB83}.Debug|Any CPU.ActiveCfg = Debug|Any CPU
		{8C916D7D-A1A6-42F5-B381-C5D7A34EBB83}.Debug|Any CPU.Build.0 = Debug|Any CPU
		{8C916D7D-A1A6-42F5-B381-C5D7A34EBB83}.Release|Any CPU.ActiveCfg = Release|Any CPU
		{8C916D7D-A1A6-42F5-B381-C5D7A34EBB83}.Release|Any CPU.Build.0 = Release|Any CPU
		{B11566EB-0678-4053-9488-9CE9EDE493A6}.Debug|Any CPU.ActiveCfg = Debug|Any CPU
		{B11566EB-0678-4053-9488-9CE9EDE493A6}.Debug|Any CPU.Build.0 = Debug|Any CPU
		{B11566EB-0678-4053-9488-9CE9EDE493A6}.Release|Any CPU.ActiveCfg = Release|Any CPU
		{B11566EB-0678-4053-9488-9CE9EDE493A6}.Release|Any CPU.Build.0 = Release|Any CPU
		{B9BD2198-2351-4C8D-8008-F43F5E1F9A0D}.Debug|Any CPU.ActiveCfg = Debug|Any CPU
		{B9BD2198-2351-4C8D-8008-F43F5E1F9A0D}.Debug|Any CPU.Build.0 = Debug|Any CPU
		{B9BD2198-2351-4C8D-8008-F43F5E1F9A0D}.Release|Any CPU.ActiveCfg = Release|Any CPU
		{B9BD2198-2351-4C8D-8008-F43F5E1F9A0D}.Release|Any CPU.Build.0 = Release|Any CPU
		{571B2505-6F5B-487C-84B8-FA81F440A0FD}.Debug|Any CPU.ActiveCfg = Debug|Any CPU
		{571B2505-6F5B-487C-84B8-FA81F440A0FD}.Debug|Any CPU.Build.0 = Debug|Any CPU
		{571B2505-6F5B-487C-84B8-FA81F440A0FD}.Release|Any CPU.ActiveCfg = Release|Any CPU
		{571B2505-6F5B-487C-84B8-FA81F440A0FD}.Release|Any CPU.Build.0 = Release|Any CPU
	EndGlobalSection
	GlobalSection(SolutionProperties) = preSolution
		HideSolutionNode = FALSE
	EndGlobalSection
	GlobalSection(NestedProjects) = preSolution
		{47EA9A37-6C84-4A9C-BABF-62F47B270275} = {1B3B9CE6-D5E5-44AC-B8EF-08A1215865E7}
		{9256E4B5-B4B7-4A99-AF54-B4129D7F7303} = {7F1665D4-2511-41D2-BBB3-BA891C9FA3CB}
		{06FBE3EA-8329-4CA1-A14C-5332FC7A750F} = {BD13876F-22C1-4B29-92BC-935EA652ED6B}
		{4CB61CC4-2CAA-467A-9ED0-8AA2D8E96938} = {BD13876F-22C1-4B29-92BC-935EA652ED6B}
		{F65D199F-EF2B-4817-B7CD-5EB51E2653E7} = {BD13876F-22C1-4B29-92BC-935EA652ED6B}
		{B7959966-6410-4C46-AA52-2FDEE0F8BFF7} = {14AA6A3F-2FBF-4066-903F-0C22C150FFE8}
		{51BFC345-F51E-424C-A35D-AB64F8587F7D} = {14AA6A3F-2FBF-4066-903F-0C22C150FFE8}
		{8AF42183-4399-4F0F-BF7E-A5C8312BB2D0} = {14AA6A3F-2FBF-4066-903F-0C22C150FFE8}
		{BC66701F-549E-423C-A170-E03CB7C5FCBA} = {BBA809A7-5C6A-4CB0-8C09-D2CC45906A43}
		{A5ABBC9C-76BD-482A-A3B4-DEC5DBF63DDA} = {BBA809A7-5C6A-4CB0-8C09-D2CC45906A43}
		{7DE15758-0589-4DCB-8160-4BC4AD21EA6D} = {BBA809A7-5C6A-4CB0-8C09-D2CC45906A43}
		{D9BC7EB8-1420-4A12-B432-44B7C4593F17} = {24D9A949-7FF0-4EE3-8DAB-F925C2844080}
		{A56DA91A-E4F1-4A72-ADD2-731390E5D98A} = {24D9A949-7FF0-4EE3-8DAB-F925C2844080}
		{0E506C3F-95D8-46FD-8B56-06DC93A21682} = {24D9A949-7FF0-4EE3-8DAB-F925C2844080}
		{5BB9163B-DA1F-4A64-B8DB-2AED30988615} = {BD6FBE38-B56E-4086-A6C0-CDF1DB60AEF4}
		{1E4ACE40-F0BD-49FD-914D-DCDF4A6E849B} = {BD6FBE38-B56E-4086-A6C0-CDF1DB60AEF4}
		{8C916D7D-A1A6-42F5-B381-C5D7A34EBB83} = {BD6FBE38-B56E-4086-A6C0-CDF1DB60AEF4}
		{B11566EB-0678-4053-9488-9CE9EDE493A6} = {20B3F69C-E48C-4E69-8F47-A331D58B19A2}
		{B9BD2198-2351-4C8D-8008-F43F5E1F9A0D} = {20B3F69C-E48C-4E69-8F47-A331D58B19A2}
		{571B2505-6F5B-487C-84B8-FA81F440A0FD} = {20B3F69C-E48C-4E69-8F47-A331D58B19A2}
	EndGlobalSection
	GlobalSection(ExtensibilityGlobals) = postSolution
		SolutionGuid = {18CFD6E7-1A5B-4965-B036-387020052137}
	EndGlobalSection
EndGlobal
